
Microsoft Visual Studio Solution File, Format Version 12.00
# Visual Studio Version 16
VisualStudioVersion = 16.0.31313.79
MinimumVisualStudioVersion = 10.0.40219.1
Project("{FAE04EC0-301F-11D3-BF4B-00C04F79EFBC}") = "AppIntegrarSqlite.Android", "AppIntegrarSqlite\AppIntegrarSqlite.Android\AppIntegrarSqlite.Android.csproj", "{8FB4FDB1-F511-4A3F-AB00-F093F2C52A88}"
EndProject
Project("{FAE04EC0-301F-11D3-BF4B-00C04F79EFBC}") = "AppIntegrarSqlite.iOS", "AppIntegrarSqlite\AppIntegrarSqlite.iOS\AppIntegrarSqlite.iOS.csproj", "{CD668608-4F4B-4D6E-9DAA-2BA37552EE01}"
EndProject
Project("{FAE04EC0-301F-11D3-BF4B-00C04F79EFBC}") = "AppIntegrarSqlite", "AppIntegrarSqlite\AppIntegrarSqlite\AppIntegrarSqlite.csproj", "{20975DC4-210F-4526-8C20-D7EE2E5D2228}"
EndProject
Global
	GlobalSection(SolutionConfigurationPlatforms) = preSolution
		Debug|Any CPU = Debug|Any CPU
		Debug|iPhone = Debug|iPhone
		Debug|iPhoneSimulator = Debug|iPhoneSimulator
		Release|Any CPU = Release|Any CPU
		Release|iPhone = Release|iPhone
		Release|iPhoneSimulator = Release|iPhoneSimulator
	EndGlobalSection
	GlobalSection(ProjectConfigurationPlatforms) = postSolution
		{8FB4FDB1-F511-4A3F-AB00-F093F2C52A88}.Debug|Any CPU.ActiveCfg = Debug|Any CPU
		{8FB4FDB1-F511-4A3F-AB00-F093F2C52A88}.Debug|Any CPU.Build.0 = Debug|Any CPU
		{8FB4FDB1-F511-4A3F-AB00-F093F2C52A88}.Debug|Any CPU.Deploy.0 = Debug|Any CPU
		{8FB4FDB1-F511-4A3F-AB00-F093F2C52A88}.Debug|iPhone.ActiveCfg = Debug|Any CPU
		{8FB4FDB1-F511-4A3F-AB00-F093F2C52A88}.Debug|iPhone.Build.0 = Debug|Any CPU
		{8FB4FDB1-F511-4A3F-AB00-F093F2C52A88}.Debug|iPhone.Deploy.0 = Debug|Any CPU
		{8FB4FDB1-F511-4A3F-AB00-F093F2C52A88}.Debug|iPhoneSimulator.ActiveCfg = Debug|Any CPU
		{8FB4FDB1-F511-4A3F-AB00-F093F2C52A88}.Debug|iPhoneSimulator.Build.0 = Debug|Any CPU
		{8FB4FDB1-F511-4A3F-AB00-F093F2C52A88}.Debug|iPhoneSimulator.Deploy.0 = Debug|Any CPU
		{8FB4FDB1-F511-4A3F-AB00-F093F2C52A88}.Release|Any CPU.ActiveCfg = Release|Any CPU
		{8FB4FDB1-F511-4A3F-AB00-F093F2C52A88}.Release|Any CPU.Build.0 = Release|Any CPU
		{8FB4FDB1-F511-4A3F-AB00-F093F2C52A88}.Release|Any CPU.Deploy.0 = Release|Any CPU
		{8FB4FDB1-F511-4A3F-AB00-F093F2C52A88}.Release|iPhone.ActiveCfg = Release|Any CPU
		{8FB4FDB1-F511-4A3F-AB00-F093F2C52A88}.Release|iPhone.Build.0 = Release|Any CPU
		{8FB4FDB1-F511-4A3F-AB00-F093F2C52A88}.Release|iPhone.Deploy.0 = Release|Any CPU
		{8FB4FDB1-F511-4A3F-AB00-F093F2C52A88}.Release|iPhoneSimulator.ActiveCfg = Release|Any CPU
		{8FB4FDB1-F511-4A3F-AB00-F093F2C52A88}.Release|iPhoneSimulator.Build.0 = Release|Any CPU
		{8FB4FDB1-F511-4A3F-AB00-F093F2C52A88}.Release|iPhoneSimulator.Deploy.0 = Release|Any CPU
		{CD668608-4F4B-4D6E-9DAA-2BA37552EE01}.Debug|Any CPU.ActiveCfg = Debug|iPhone
		{CD668608-4F4B-4D6E-9DAA-2BA37552EE01}.Debug|Any CPU.Build.0 = Debug|iPhone
		{CD668608-4F4B-4D6E-9DAA-2BA37552EE01}.Debug|Any CPU.Deploy.0 = Debug|iPhone
		{CD668608-4F4B-4D6E-9DAA-2BA37552EE01}.Debug|iPhone.ActiveCfg = Debug|iPhone
		{CD668608-4F4B-4D6E-9DAA-2BA37552EE01}.Debug|iPhone.Build.0 = Debug|iPhone
		{CD668608-4F4B-4D6E-9DAA-2BA37552EE01}.Debug|iPhone.Deploy.0 = Debug|iPhone
		{CD668608-4F4B-4D6E-9DAA-2BA37552EE01}.Debug|iPhoneSimulator.ActiveCfg = Debug|iPhoneSimulator
		{CD668608-4F4B-4D6E-9DAA-2BA37552EE01}.Debug|iPhoneSimulator.Build.0 = Debug|iPhoneSimulator
		{CD668608-4F4B-4D6E-9DAA-2BA37552EE01}.Debug|iPhoneSimulator.Deploy.0 = Debug|iPhoneSimulator
		{CD668608-4F4B-4D6E-9DAA-2BA37552EE01}.Release|Any CPU.ActiveCfg = Release|iPhoneSimulator
		{CD668608-4F4B-4D6E-9DAA-2BA37552EE01}.Release|Any CPU.Build.0 = Release|iPhoneSimulator
		{CD668608-4F4B-4D6E-9DAA-2BA37552EE01}.Release|Any CPU.Deploy.0 = Release|iPhoneSimulator
		{CD668608-4F4B-4D6E-9DAA-2BA37552EE01}.Release|iPhone.ActiveCfg = Release|iPhone
		{CD668608-4F4B-4D6E-9DAA-2BA37552EE01}.Release|iPhone.Build.0 = Release|iPhone
		{CD668608-4F4B-4D6E-9DAA-2BA37552EE01}.Release|iPhone.Deploy.0 = Release|iPhone
		{CD668608-4F4B-4D6E-9DAA-2BA37552EE01}.Release|iPhoneSimulator.ActiveCfg = Release|iPhoneSimulator
		{CD668608-4F4B-4D6E-9DAA-2BA37552EE01}.Release|iPhoneSimulator.Build.0 = Release|iPhoneSimulator
		{CD668608-4F4B-4D6E-9DAA-2BA37552EE01}.Release|iPhoneSimulator.Deploy.0 = Release|iPhoneSimulator
		{20975DC4-210F-4526-8C20-D7EE2E5D2228}.Debug|Any CPU.ActiveCfg = Debug|Any CPU
		{20975DC4-210F-4526-8C20-D7EE2E5D2228}.Debug|Any CPU.Build.0 = Debug|Any CPU
		{20975DC4-210F-4526-8C20-D7EE2E5D2228}.Debug|Any CPU.Deploy.0 = Debug|Any CPU
		{20975DC4-210F-4526-8C20-D7EE2E5D2228}.Debug|iPhone.ActiveCfg = Debug|Any CPU
		{20975DC4-210F-4526-8C20-D7EE2E5D2228}.Debug|iPhone.Build.0 = Debug|Any CPU
		{20975DC4-210F-4526-8C20-D7EE2E5D2228}.Debug|iPhone.Deploy.0 = Debug|Any CPU
		{20975DC4-210F-4526-8C20-D7EE2E5D2228}.Debug|iPhoneSimulator.ActiveCfg = Debug|Any CPU
		{20975DC4-210F-4526-8C20-D7EE2E5D2228}.Debug|iPhoneSimulator.Build.0 = Debug|Any CPU
		{20975DC4-210F-4526-8C20-D7EE2E5D2228}.Debug|iPhoneSimulator.Deploy.0 = Debug|Any CPU
		{20975DC4-210F-4526-8C20-D7EE2E5D2228}.Release|Any CPU.ActiveCfg = Release|Any CPU
		{20975DC4-210F-4526-8C20-D7EE2E5D2228}.Release|Any CPU.Build.0 = Release|Any CPU
		{20975DC4-210F-4526-8C20-D7EE2E5D2228}.Release|Any CPU.Deploy.0 = Release|Any CPU
		{20975DC4-210F-4526-8C20-D7EE2E5D2228}.Release|iPhone.ActiveCfg = Release|Any CPU
		{20975DC4-210F-4526-8C20-D7EE2E5D2228}.Release|iPhone.Build.0 = Release|Any CPU
		{20975DC4-210F-4526-8C20-D7EE2E5D2228}.Release|iPhone.Deploy.0 = Release|Any CPU
		{20975DC4-210F-4526-8C20-D7EE2E5D2228}.Release|iPhoneSimulator.ActiveCfg = Release|Any CPU
		{20975DC4-210F-4526-8C20-D7EE2E5D2228}.Release|iPhoneSimulator.Build.0 = Release|Any CPU
		{20975DC4-210F-4526-8C20-D7EE2E5D2228}.Release|iPhoneSimulator.Deploy.0 = Release|Any CPU
	EndGlobalSection
	GlobalSection(SolutionProperties) = preSolution
		HideSolutionNode = FALSE
	EndGlobalSection
	GlobalSection(ExtensibilityGlobals) = postSolution
		SolutionGuid = {895CE805-D5DB-4950-B9BB-08462F12B593}
	EndGlobalSection
EndGlobal
